
Microsoft Visual Studio Solution File, Format Version 12.00
Project("{FAE04EC0-301F-11D3-BF4B-00C04F79EFBC}") = "RoR2 Run Generator", "RoR2 Run Generator\RoR2 Run Generator.csproj", "{5DDFE93A-5DD3-4BFD-98DE-F2638716029A}"
EndProject
Global
	GlobalSection(SolutionConfigurationPlatforms) = preSolution
		Debug|Any CPU = Debug|Any CPU
		Release|Any CPU = Release|Any CPU
	EndGlobalSection
	GlobalSection(ProjectConfigurationPlatforms) = postSolution
		{5DDFE93A-5DD3-4BFD-98DE-F2638716029A}.Debug|Any CPU.ActiveCfg = Debug|Any CPU
		{5DDFE93A-5DD3-4BFD-98DE-F2638716029A}.Debug|Any CPU.Build.0 = Debug|Any CPU
		{5DDFE93A-5DD3-4BFD-98DE-F2638716029A}.Release|Any CPU.ActiveCfg = Release|Any CPU
		{5DDFE93A-5DD3-4BFD-98DE-F2638716029A}.Release|Any CPU.Build.0 = Release|Any CPU
	EndGlobalSection
EndGlobal
